
Microsoft Visual Studio Solution File, Format Version 12.00
# Visual Studio Version 16
VisualStudioVersion = 16.0.30002.166
MinimumVisualStudioVersion = 10.0.40219.1
Project("{FAE04EC0-301F-11D3-BF4B-00C04F79EFBC}") = "cscondition", "cscondition\cscondition.csproj", "{72C00924-14A5-4D92-AEE1-1520E21C4784}"
EndProject
Global
	GlobalSection(SolutionConfigurationPlatforms) = preSolution
		Debug|Any CPU = Debug|Any CPU
		Release|Any CPU = Release|Any CPU
	EndGlobalSection
	GlobalSection(ProjectConfigurationPlatforms) = postSolution
		{72C00924-14A5-4D92-AEE1-1520E21C4784}.Debug|Any CPU.ActiveCfg = Debug|Any CPU
		{72C00924-14A5-4D92-AEE1-1520E21C4784}.Debug|Any CPU.Build.0 = Debug|Any CPU
		{72C00924-14A5-4D92-AEE1-1520E21C4784}.Release|Any CPU.ActiveCfg = Release|Any CPU
		{72C00924-14A5-4D92-AEE1-1520E21C4784}.Release|Any CPU.Build.0 = Release|Any CPU
	EndGlobalSection
	GlobalSection(SolutionProperties) = preSolution
		HideSolutionNode = FALSE
	EndGlobalSection
	GlobalSection(ExtensibilityGlobals) = postSolution
		SolutionGuid = {90FF0B4B-5E39-430C-8C61-60B83EEDD74E}
	EndGlobalSection
EndGlobal
